
Microsoft Visual Studio Solution File, Format Version 12.00
# Visual Studio Version 17
VisualStudioVersion = 17.11.35219.272
MinimumVisualStudioVersion = 10.0.40219.1
Project("{FAE04EC0-301F-11D3-BF4B-00C04F79EFBC}") = "sample-netcore-app", "sample-netcore-app.csproj", "{65562D85-1E56-4105-BB4E-10D257E829F3}"
EndProject
Global
	GlobalSection(SolutionConfigurationPlatforms) = preSolution
		Debug|Any CPU = Debug|Any CPU
		Release|Any CPU = Release|Any CPU
	EndGlobalSection
	GlobalSection(ProjectConfigurationPlatforms) = postSolution
		{65562D85-1E56-4105-BB4E-10D257E829F3}.Debug|Any CPU.ActiveCfg = Debug|Any CPU
		{65562D85-1E56-4105-BB4E-10D257E829F3}.Debug|Any CPU.Build.0 = Debug|Any CPU
		{65562D85-1E56-4105-BB4E-10D257E829F3}.Release|Any CPU.ActiveCfg = Release|Any CPU
		{65562D85-1E56-4105-BB4E-10D257E829F3}.Release|Any CPU.Build.0 = Release|Any CPU
	EndGlobalSection
	GlobalSection(SolutionProperties) = preSolution
		HideSolutionNode = FALSE
	EndGlobalSection
	GlobalSection(ExtensibilityGlobals) = postSolution
		SolutionGuid = {400960D5-4F4E-4513-BE95-576BC42D85D6}
	EndGlobalSection
EndGlobal
